
Microsoft Visual Studio Solution File, Format Version 12.00
# Visual Studio Version 16
VisualStudioVersion = 16.0.30523.141
MinimumVisualStudioVersion = 10.0.40219.1
Project("{FAE04EC0-301F-11D3-BF4B-00C04F79EFBC}") = "OTP", "OTP\OTP.csproj", "{F889A17A-4675-4714-A223-5886CA3F93F6}"
EndProject
Global
	GlobalSection(SolutionConfigurationPlatforms) = preSolution
		Debug|Any CPU = Debug|Any CPU
		Release|Any CPU = Release|Any CPU
	EndGlobalSection
	GlobalSection(ProjectConfigurationPlatforms) = postSolution
		{F889A17A-4675-4714-A223-5886CA3F93F6}.Debug|Any CPU.ActiveCfg = Debug|Any CPU
		{F889A17A-4675-4714-A223-5886CA3F93F6}.Debug|Any CPU.Build.0 = Debug|Any CPU
		{F889A17A-4675-4714-A223-5886CA3F93F6}.Release|Any CPU.ActiveCfg = Release|Any CPU
		{F889A17A-4675-4714-A223-5886CA3F93F6}.Release|Any CPU.Build.0 = Release|Any CPU
	EndGlobalSection
	GlobalSection(SolutionProperties) = preSolution
		HideSolutionNode = FALSE
	EndGlobalSection
	GlobalSection(ExtensibilityGlobals) = postSolution
		SolutionGuid = {AE1F76C6-5D85-4107-A13D-8DEB52133FE2}
	EndGlobalSection
EndGlobal
